
Microsoft Visual Studio Solution File, Format Version 12.00
# Visual Studio Version 16
VisualStudioVersion = 16.0.30611.23
MinimumVisualStudioVersion = 10.0.40219.1
Project("{FAE04EC0-301F-11D3-BF4B-00C04F79EFBC}") = "BiggestNum", "BiggestNum\BiggestNum.csproj", "{4F8C7106-BD89-41ED-87D4-4E1BCB0D3BAE}"
EndProject
Global
	GlobalSection(SolutionConfigurationPlatforms) = preSolution
		Debug|Any CPU = Debug|Any CPU
		Release|Any CPU = Release|Any CPU
	EndGlobalSection
	GlobalSection(ProjectConfigurationPlatforms) = postSolution
		{4F8C7106-BD89-41ED-87D4-4E1BCB0D3BAE}.Debug|Any CPU.ActiveCfg = Debug|Any CPU
		{4F8C7106-BD89-41ED-87D4-4E1BCB0D3BAE}.Debug|Any CPU.Build.0 = Debug|Any CPU
		{4F8C7106-BD89-41ED-87D4-4E1BCB0D3BAE}.Release|Any CPU.ActiveCfg = Release|Any CPU
		{4F8C7106-BD89-41ED-87D4-4E1BCB0D3BAE}.Release|Any CPU.Build.0 = Release|Any CPU
	EndGlobalSection
	GlobalSection(SolutionProperties) = preSolution
		HideSolutionNode = FALSE
	EndGlobalSection
	GlobalSection(ExtensibilityGlobals) = postSolution
		SolutionGuid = {54A2C87C-BC24-4116-8E33-F9274A4C93AB}
	EndGlobalSection
EndGlobal
